
Microsoft Visual Studio Solution File, Format Version 12.00
# Visual Studio Version 17
VisualStudioVersion = 17.10.35122.118
MinimumVisualStudioVersion = 10.0.40219.1
Project("{2150E333-8FDC-42A3-9474-1A3956D46DE8}") = "Services", "Services", "{F0DDB544-2C16-42CF-AC20-7B11F601ABB7}"
EndProject
Project("{FAE04EC0-301F-11D3-BF4B-00C04F79EFBC}") = "Aurora.User", "Aurora.User\Aurora.User.csproj", "{20F3837F-FB66-4F50-A9ED-2D6A08B5AD0F}"
EndProject
Global
	GlobalSection(SolutionConfigurationPlatforms) = preSolution
		Debug|Any CPU = Debug|Any CPU
		Release|Any CPU = Release|Any CPU
	EndGlobalSection
	GlobalSection(ProjectConfigurationPlatforms) = postSolution
		{20F3837F-FB66-4F50-A9ED-2D6A08B5AD0F}.Debug|Any CPU.ActiveCfg = Debug|Any CPU
		{20F3837F-FB66-4F50-A9ED-2D6A08B5AD0F}.Debug|Any CPU.Build.0 = Debug|Any CPU
		{20F3837F-FB66-4F50-A9ED-2D6A08B5AD0F}.Release|Any CPU.ActiveCfg = Release|Any CPU
		{20F3837F-FB66-4F50-A9ED-2D6A08B5AD0F}.Release|Any CPU.Build.0 = Release|Any CPU
	EndGlobalSection
	GlobalSection(SolutionProperties) = preSolution
		HideSolutionNode = FALSE
	EndGlobalSection
	GlobalSection(NestedProjects) = preSolution
		{20F3837F-FB66-4F50-A9ED-2D6A08B5AD0F} = {F0DDB544-2C16-42CF-AC20-7B11F601ABB7}
	EndGlobalSection
	GlobalSection(ExtensibilityGlobals) = postSolution
		SolutionGuid = {C947F12E-594C-46CF-BD87-09BAFB90D667}
	EndGlobalSection
EndGlobal
